#MicroXplorer Configuration settings - do not modify
#Thu Apr 09 08:34:15 CST 2015
Dma.I2C2_RX.2.Direction=DMA_PERIPH_TO_MEMORY
Dma.I2C2_RX.2.Instance=DMA1_Channel5
Dma.I2C2_RX.2.MemDataAlignment=DMA_MDATAALIGN_BYTE
Dma.I2C2_RX.2.MemInc=DMA_MINC_DISABLE
Dma.I2C2_RX.2.Mode=DMA_NORMAL
Dma.I2C2_RX.2.PeriphDataAlignment=DMA_PDATAALIGN_BYTE
Dma.I2C2_RX.2.PeriphInc=DMA_PINC_DISABLE
Dma.I2C2_RX.2.Priority=DMA_PRIORITY_MEDIUM
Dma.I2C2_RX.2.RequestParameters=Instance,Direction,PeriphInc,MemInc,PeriphDataAlignment,MemDataAlignment,Mode,Priority
Dma.Request0=USART3_RX
Dma.Request1=USART3_TX
Dma.Request2=I2C2_RX
Dma.Request3=USART1_TX
Dma.RequestsNb=4
Dma.USART1_TX.3.Direction=DMA_MEMORY_TO_PERIPH
Dma.USART1_TX.3.Instance=DMA1_Channel4
Dma.USART1_TX.3.MemDataAlignment=DMA_MDATAALIGN_BYTE
Dma.USART1_TX.3.MemInc=DMA_MINC_DISABLE
Dma.USART1_TX.3.Mode=DMA_NORMAL
Dma.USART1_TX.3.PeriphDataAlignment=DMA_PDATAALIGN_BYTE
Dma.USART1_TX.3.PeriphInc=DMA_PINC_DISABLE
Dma.USART1_TX.3.Priority=DMA_PRIORITY_LOW
Dma.USART1_TX.3.RequestParameters=Instance,Direction,PeriphInc,MemInc,PeriphDataAlignment,MemDataAlignment,Mode,Priority
Dma.USART3_RX.0.Direction=DMA_PERIPH_TO_MEMORY
Dma.USART3_RX.0.Instance=DMA1_Channel3
Dma.USART3_RX.0.MemDataAlignment=DMA_MDATAALIGN_BYTE
Dma.USART3_RX.0.MemInc=DMA_MINC_DISABLE
Dma.USART3_RX.0.Mode=DMA_NORMAL
Dma.USART3_RX.0.PeriphDataAlignment=DMA_PDATAALIGN_BYTE
Dma.USART3_RX.0.PeriphInc=DMA_PINC_DISABLE
Dma.USART3_RX.0.Priority=DMA_PRIORITY_HIGH
Dma.USART3_RX.0.RequestParameters=Instance,Direction,PeriphInc,MemInc,PeriphDataAlignment,MemDataAlignment,Mode,Priority
Dma.USART3_TX.1.Direction=DMA_MEMORY_TO_PERIPH
Dma.USART3_TX.1.Instance=DMA1_Channel2
Dma.USART3_TX.1.MemDataAlignment=DMA_MDATAALIGN_BYTE
Dma.USART3_TX.1.MemInc=DMA_MINC_DISABLE
Dma.USART3_TX.1.Mode=DMA_NORMAL
Dma.USART3_TX.1.PeriphDataAlignment=DMA_PDATAALIGN_BYTE
Dma.USART3_TX.1.PeriphInc=DMA_PINC_DISABLE
Dma.USART3_TX.1.Priority=DMA_PRIORITY_MEDIUM
Dma.USART3_TX.1.RequestParameters=Instance,Direction,PeriphInc,MemInc,PeriphDataAlignment,MemDataAlignment,Mode,Priority
FREERTOS.HEAP_NUMBER=4
FREERTOS.IPParameters=configCHECK_FOR_STACK_OVERFLOW,HEAP_NUMBER,configUSE_IDLE_HOOK,configGENERATE_RUN_TIME_STATS,configUSE_TIMERS,configUSE_MALLOC_FAILED_HOOK,configUSE_TICK_HOOK,Tasks01
FREERTOS.Tasks01=defaultTask,0,128,StartDefaultTask
FREERTOS.configCHECK_FOR_STACK_OVERFLOW=1
FREERTOS.configGENERATE_RUN_TIME_STATS=0
FREERTOS.configUSE_IDLE_HOOK=1
FREERTOS.configUSE_MALLOC_FAILED_HOOK=1
FREERTOS.configUSE_TICK_HOOK=1
FREERTOS.configUSE_TIMERS=0
File.Version=5
I2C2.I2C_Fall_Time=80
I2C2.I2C_Rise_Time=100
I2C2.I2C_Speed_Mode=I2C_Fast
I2C2.IPParameters=I2C_Speed_Mode,I2C_Fall_Time,I2C_Rise_Time
KeepUserPlacement=false
Mcu.Family=STM32F3
Mcu.IP0=DMA
Mcu.IP1=FREERTOS
Mcu.IP2=I2C2
Mcu.IP3=NVIC
Mcu.IP4=RCC
Mcu.IP5=SYS
Mcu.IP6=TIM2
Mcu.IP7=USART1
Mcu.IP8=USART3
Mcu.IPNb=9
Mcu.Name=STM32F373R(8-B-C)Tx
Mcu.Package=LQFP64
Mcu.Pin0=PA0
Mcu.Pin1=PA1
Mcu.Pin10=PA13
Mcu.Pin11=PF6
Mcu.Pin12=PF7
Mcu.Pin13=PA14
Mcu.Pin14=PC10
Mcu.Pin15=PC11
Mcu.Pin16=PC12
Mcu.Pin17=PD2
Mcu.Pin18=PB5
Mcu.Pin19=PB6
Mcu.Pin2=PA2
Mcu.Pin20=VP_FREERTOS_VS_ENABLE
Mcu.Pin21=VP_TIM2_VS_ClockSourceINT
Mcu.Pin3=PA3
Mcu.Pin4=PA4
Mcu.Pin5=PA5
Mcu.Pin6=PA6
Mcu.Pin7=PB0
Mcu.Pin8=PA9
Mcu.Pin9=PA10
Mcu.PinsNb=22
Mcu.UserName=STM32F373RCTx
MxCube.Version=4.7.0
MxDb.Version=DB.4.0.70
NVIC.DMA1_Channel2_IRQn=true\:5\:0\:false
NVIC.DMA1_Channel3_IRQn=true\:5\:0\:false
NVIC.DMA1_Channel4_IRQn=true\:5\:0\:false
NVIC.DMA1_Channel5_IRQn=true\:5\:0\:false
NVIC.PriorityGroup=NVIC_PRIORITYGROUP_4
NVIC.SysTick_IRQn=true\:0\:0\:false
NVIC.USART1_IRQn=true\:5\:0\:false
NVIC.USART3_IRQn=true\:5\:0\:false
PA0.GPIOParameters=GPIO_Speed,GPIO_ModeDefaultPP,GPIO_PuPd
PA0.GPIO_ModeDefaultPP=GPIO_MODE_AF_PP
PA0.GPIO_PuPd=GPIO_NOPULL
PA0.GPIO_Speed=GPIO_SPEED_HIGH
PA0.Signal=S_TIM2_CH1_ETR
PA1.GPIOParameters=GPIO_Speed,GPIO_ModeDefaultPP,GPIO_PuPd
PA1.GPIO_ModeDefaultPP=GPIO_MODE_AF_PP
PA1.GPIO_PuPd=GPIO_NOPULL
PA1.GPIO_Speed=GPIO_SPEED_HIGH
PA1.Signal=S_TIM2_CH2
PA10.GPIOParameters=GPIO_Speed,GPIO_PuPd,GPIO_Mode
PA10.GPIO_Mode=GPIO_MODE_AF_PP
PA10.GPIO_PuPd=GPIO_PULLUP
PA10.GPIO_Speed=GPIO_SPEED_HIGH
PA10.Locked=true
PA10.Mode=Asynchronous
PA10.Signal=USART1_RX
PA13.Locked=true
PA13.Mode=Serial-Wire
PA13.Signal=SYS_JTMS-SWDIO
PA14.Locked=true
PA14.Mode=Serial-Wire
PA14.Signal=SYS_JTCK-SWCLK
PA2.GPIOParameters=GPIO_Speed,GPIO_ModeDefaultPP,GPIO_PuPd
PA2.GPIO_ModeDefaultPP=GPIO_MODE_AF_PP
PA2.GPIO_PuPd=GPIO_NOPULL
PA2.GPIO_Speed=GPIO_SPEED_HIGH
PA2.Signal=S_TIM2_CH3
PA3.GPIOParameters=GPIO_Speed,GPIO_ModeDefaultPP,GPIO_PuPd
PA3.GPIO_ModeDefaultPP=GPIO_MODE_AF_PP
PA3.GPIO_PuPd=GPIO_NOPULL
PA3.GPIO_Speed=GPIO_SPEED_HIGH
PA3.Signal=S_TIM2_CH4
PA4.GPIOParameters=GPIO_Label,GPIO_ModeDefaultOutputPP,GPIO_Speed,GPIO_PuPd
PA4.GPIO_Label=LED_RED
PA4.GPIO_ModeDefaultOutputPP=GPIO_MODE_OUTPUT_PP
PA4.GPIO_PuPd=GPIO_NOPULL
PA4.GPIO_Speed=GPIO_SPEED_HIGH
PA4.Locked=true
PA4.Signal=GPIO_Output
PA5.GPIOParameters=GPIO_Label,GPIO_ModeDefaultOutputPP,GPIO_Speed,GPIO_PuPd
PA5.GPIO_Label=LED_GREEN
PA5.GPIO_ModeDefaultOutputPP=GPIO_MODE_OUTPUT_PP
PA5.GPIO_PuPd=GPIO_NOPULL
PA5.GPIO_Speed=GPIO_SPEED_HIGH
PA5.Locked=true
PA5.Signal=GPIO_Output
PA6.GPIOParameters=GPIO_Label,GPIO_ModeDefaultOutputPP,GPIO_Speed,GPIO_PuPd
PA6.GPIO_Label=LED_BLUE
PA6.GPIO_ModeDefaultOutputPP=GPIO_MODE_OUTPUT_PP
PA6.GPIO_PuPd=GPIO_NOPULL
PA6.GPIO_Speed=GPIO_SPEED_HIGH
PA6.Locked=true
PA6.Signal=GPIO_Output
PA9.GPIOParameters=GPIO_Speed,GPIO_PuPd,GPIO_Mode
PA9.GPIO_Mode=GPIO_MODE_AF_PP
PA9.GPIO_PuPd=GPIO_PULLUP
PA9.GPIO_Speed=GPIO_SPEED_HIGH
PA9.Locked=true
PA9.Mode=Asynchronous
PA9.Signal=USART1_TX
PB0.GPIOParameters=GPIO_Label,GPIO_ModeDefaultOutputPP,GPIO_Speed,GPIO_PuPd
PB0.GPIO_Label=LED_STATUE
PB0.GPIO_ModeDefaultOutputPP=GPIO_MODE_OUTPUT_PP
PB0.GPIO_PuPd=GPIO_NOPULL
PB0.GPIO_Speed=GPIO_SPEED_HIGH
PB0.Locked=true
PB0.Signal=GPIO_Output
PB5.GPIOParameters=GPIO_Label,GPIO_ModeDefaultOutputPP,GPIO_Speed,GPIO_PuPd
PB5.GPIO_Label=BLE_MODE
PB5.GPIO_ModeDefaultOutputPP=GPIO_MODE_OUTPUT_PP
PB5.GPIO_PuPd=GPIO_NOPULL
PB5.GPIO_Speed=GPIO_SPEED_LOW
PB5.Locked=true
PB5.Signal=GPIO_Output
PB6.GPIOParameters=GPIO_Label,GPIO_ModeDefaultOutputPP,GPIO_FM6,GPIO_Speed,GPIO_PuPd
PB6.GPIO_FM6=__NULL
PB6.GPIO_Label=BLE_BRTS
PB6.GPIO_ModeDefaultOutputPP=GPIO_MODE_OUTPUT_PP
PB6.GPIO_PuPd=GPIO_NOPULL
PB6.GPIO_Speed=GPIO_SPEED_HIGH
PB6.Locked=true
PB6.Signal=GPIO_Output
PC10.GPIOParameters=GPIO_Speed,GPIO_PuPd,GPIO_Mode
PC10.GPIO_Mode=GPIO_MODE_AF_PP
PC10.GPIO_PuPd=GPIO_PULLUP
PC10.GPIO_Speed=GPIO_SPEED_HIGH
PC10.Locked=true
PC10.Mode=Asynchronous
PC10.Signal=USART3_TX
PC11.GPIOParameters=GPIO_Speed,GPIO_PuPd,GPIO_Mode
PC11.GPIO_Mode=GPIO_MODE_AF_PP
PC11.GPIO_PuPd=GPIO_PULLUP
PC11.GPIO_Speed=GPIO_SPEED_HIGH
PC11.Mode=Asynchronous
PC11.Signal=USART3_RX
PC12.GPIOParameters=GPIO_Label,GPIO_ModeDefaultOutputPP,GPIO_Speed,GPIO_PuPd
PC12.GPIO_Label=BLE_RES
PC12.GPIO_ModeDefaultOutputPP=GPIO_MODE_OUTPUT_PP
PC12.GPIO_PuPd=GPIO_NOPULL
PC12.GPIO_Speed=GPIO_SPEED_HIGH
PC12.Locked=true
PC12.Signal=GPIO_Output
PCC.Checker=false
PCC.Family=STM32F3
PCC.MCU=STM32F373R(8-B-C)Tx
PCC.MXVersion=4.7.0
PCC.PartNumber=STM32F373RCTx
PCC.Seq0=0
PCC.SubFamily=STM32F373
PCC.Temperature=25
PCC.Vdd=3.6
PD2.GPIOParameters=GPIO_Label,GPIO_ModeDefaultOutputPP,GPIO_Speed,GPIO_PuPd
PD2.GPIO_Label=BLE_EN
PD2.GPIO_ModeDefaultOutputPP=GPIO_MODE_OUTPUT_PP
PD2.GPIO_PuPd=GPIO_NOPULL
PD2.GPIO_Speed=GPIO_SPEED_HIGH
PD2.Locked=true
PD2.Signal=GPIO_Output
PF6.GPIOParameters=GPIO_Speed,GPIO_Mode,GPIO_PuPdOD
PF6.GPIO_Mode=GPIO_MODE_AF_OD
PF6.GPIO_PuPdOD=GPIO_PULLUP
PF6.GPIO_Speed=GPIO_SPEED_HIGH
PF6.Locked=true
PF6.Mode=I2C
PF6.Signal=I2C2_SCL
PF7.GPIOParameters=GPIO_Speed,GPIO_Mode,GPIO_PuPdOD
PF7.GPIO_Mode=GPIO_MODE_AF_OD
PF7.GPIO_PuPdOD=GPIO_PULLUP
PF7.GPIO_Speed=GPIO_SPEED_HIGH
PF7.Locked=true
PF7.Mode=I2C
PF7.Signal=I2C2_SDA
ProjectManager.AskForMigrate=true
ProjectManager.BackupPrevious=false
ProjectManager.CompilerOptimize=2
ProjectManager.ComputerToolchain=false
ProjectManager.CoupleFile=true
ProjectManager.DeletePrevious=true
ProjectManager.DeviceId=STM32F373RCTx
ProjectManager.FirmwarePackage=STM32Cube FW_F3 V1.1.1
ProjectManager.FreePins=true
ProjectManager.HalAssertFull=true
ProjectManager.KeepUserCode=true
ProjectManager.LastFirmware=true
ProjectManager.LibraryCopy=0
ProjectManager.ProjectBuild=false
ProjectManager.ProjectFileName=Aircopter_V1_Demo_Poj.ioc
ProjectManager.ProjectName=Aircopter_V1_Demo_Poj
ProjectManager.TargetToolchain=EWARM
ProjectManager.ToolChainLocation=
RCC.ADCoutputFreq_Value=4000000
RCC.AHBFreq_Value=8000000
RCC.APB2Freq_Value=8000000
RCC.CECFreq_Value=32786.88524590164
RCC.FamilyName=M
RCC.HSEPLLFreq_Value=8000000
RCC.HSE_VALUE=8000000
RCC.HSICECFreq_Value=32786.88524590164
RCC.HSIPLLFreq_Value=4000000
RCC.HSI_VALUE=8000000
RCC.I2C1Freq_Value=8000000
RCC.I2CFreq_Value=8000000
RCC.IPParameters=SYSCLKFreq_VALUE,FamilyName,PLLCLKFreq_Value,I2CFreq_Value,RTCHSEDivFreq_Value,LSE_VALUE,RTCFreq_Value,PLLMCOFreq_Value,CECFreq_Value,APB2Freq_Value,TIM2Freq_Value,HSEPLLFreq_Value,HSE_VALUE,HSICECFreq_Value,VCOOutput2Freq_Value,HSI_VALUE,USART2Freq_Value,USART1Freq_Value,HSIPLLFreq_Value,I2C1Freq_Value,LSI_VALUE,AHBFreq_Value,USART3Freq_Value,ADCoutputFreq_Value
RCC.LSE_VALUE=32768
RCC.LSI_VALUE=40000
RCC.PLLCLKFreq_Value=8000000
RCC.PLLMCOFreq_Value=4000000
RCC.RTCFreq_Value=40000
RCC.RTCHSEDivFreq_Value=250000
RCC.SYSCLKFreq_VALUE=8000000
RCC.TIM2Freq_Value=8000000
RCC.USART1Freq_Value=8000000
RCC.USART2Freq_Value=8000000
RCC.USART3Freq_Value=8000000
RCC.VCOOutput2Freq_Value=4000000
SH.S_TIM2_CH1_ETR.0=TIM2_CH1,PWM Generation1 CH1
SH.S_TIM2_CH1_ETR.ConfNb=1
SH.S_TIM2_CH2.0=TIM2_CH2,PWM Generation2 CH2
SH.S_TIM2_CH2.ConfNb=1
SH.S_TIM2_CH3.0=TIM2_CH3,PWM Generation3 CH3
SH.S_TIM2_CH3.ConfNb=1
SH.S_TIM2_CH4.0=TIM2_CH4,PWM Generation4 CH4
SH.S_TIM2_CH4.ConfNb=1
TIM2.Channel-PWM\ Generation2\ CH2=TIM_CHANNEL_2
TIM2.Channel-PWM\ Generation3\ CH3=TIM_CHANNEL_3
TIM2.Channel-PWM\ Generation4\ CH4=TIM_CHANNEL_4
TIM2.IPParameters=Period,Channel-PWM Generation4 CH4,Channel-PWM Generation2 CH2,Channel-PWM Generation3 CH3
TIM2.Period=2000
USART1.BaudRate=230400
USART1.IPParameters=BaudRate
USART3.BaudRate=115200
USART3.IPParameters=BaudRate
VP_FREERTOS_VS_ENABLE.Mode=Enabled
VP_FREERTOS_VS_ENABLE.Signal=FREERTOS_VS_ENABLE
VP_TIM2_VS_ClockSourceINT.Mode=Internal
VP_TIM2_VS_ClockSourceINT.Signal=TIM2_VS_ClockSourceINT
